
Microsoft Visual Studio Solution File, Format Version 12.00
# Visual Studio 15
VisualStudioVersion = 15.0.28010.2026
MinimumVisualStudioVersion = 10.0.40219.1
Project("{FAE04EC0-301F-11D3-BF4B-00C04F79EFBC}") = "ClassListWPF", "ClassListWPF\ClassListWPF.csproj", "{7F5050C5-361A-4ECF-97E9-A80F3A9A064D}"
EndProject
Global
	GlobalSection(SolutionConfigurationPlatforms) = preSolution
		Debug|Any CPU = Debug|Any CPU
		Release|Any CPU = Release|Any CPU
	EndGlobalSection
	GlobalSection(ProjectConfigurationPlatforms) = postSolution
		{7F5050C5-361A-4ECF-97E9-A80F3A9A064D}.Debug|Any CPU.ActiveCfg = Debug|Any CPU
		{7F5050C5-361A-4ECF-97E9-A80F3A9A064D}.Debug|Any CPU.Build.0 = Debug|Any CPU
		{7F5050C5-361A-4ECF-97E9-A80F3A9A064D}.Release|Any CPU.ActiveCfg = Release|Any CPU
		{7F5050C5-361A-4ECF-97E9-A80F3A9A064D}.Release|Any CPU.Build.0 = Release|Any CPU
	EndGlobalSection
	GlobalSection(SolutionProperties) = preSolution
		HideSolutionNode = FALSE
	EndGlobalSection
	GlobalSection(ExtensibilityGlobals) = postSolution
		SolutionGuid = {C66A1B28-B15C-4B72-B6B7-830674C33467}
	EndGlobalSection
EndGlobal
